
Microsoft Visual Studio Solution File, Format Version 12.00
# Visual Studio 15
VisualStudioVersion = 15.0.27703.2026
MinimumVisualStudioVersion = 10.0.40219.1
Project("{FAE04EC0-301F-11D3-BF4B-00C04F79EFBC}") = "JoJoRimworld", "JoJoRimworld\JoJoRimworld.csproj", "{8FDC5A6D-A95C-4B41-AEC4-44C4D927AADA}"
EndProject
Global
	GlobalSection(SolutionConfigurationPlatforms) = preSolution
		Debug|Any CPU = Debug|Any CPU
		Release|Any CPU = Release|Any CPU
	EndGlobalSection
	GlobalSection(ProjectConfigurationPlatforms) = postSolution
		{8FDC5A6D-A95C-4B41-AEC4-44C4D927AADA}.Debug|Any CPU.ActiveCfg = Debug|Any CPU
		{8FDC5A6D-A95C-4B41-AEC4-44C4D927AADA}.Debug|Any CPU.Build.0 = Debug|Any CPU
		{8FDC5A6D-A95C-4B41-AEC4-44C4D927AADA}.Release|Any CPU.ActiveCfg = Release|Any CPU
		{8FDC5A6D-A95C-4B41-AEC4-44C4D927AADA}.Release|Any CPU.Build.0 = Release|Any CPU
	EndGlobalSection
	GlobalSection(SolutionProperties) = preSolution
		HideSolutionNode = FALSE
	EndGlobalSection
	GlobalSection(ExtensibilityGlobals) = postSolution
		SolutionGuid = {14038CA0-6530-4D81-8C36-E1A409F526A7}
	EndGlobalSection
EndGlobal
